// !$*UTF8*$!
{
	archiveVersion = 1;
	classes = {
	};
	objectVersion = 46;
	objects = {

/* Begin PBXBuildFile section */
		A9E04C5D1DE55869004B331E /* main.m in Sources */ = {isa = PBXBuildFile; fileRef = A9E04C5C1DE55869004B331E /* main.m */; };
		A9E04C601DE55869004B331E /* AppDelegate.m in Sources */ = {isa = PBXBuildFile; fileRef = A9E04C5F1DE55869004B331E /* AppDelegate.m */; };
		A9E04C631DE55869004B331E /* ViewController.m in Sources */ = {isa = PBXBuildFile; fileRef = A9E04C621DE55869004B331E /* ViewController.m */; };
		A9E04C661DE5586A004B331E /* Main.storyboard in Resources */ = {isa = PBXBuildFile; fileRef = A9E04C641DE5586A004B331E /* Main.storyboard */; };
		A9E04C681DE5586A004B331E /* Assets.xcassets in Resources */ = {isa = PBXBuildFile; fileRef = A9E04C671DE5586A004B331E /* Assets.xcassets */; };
		A9E04C6B1DE5586A004B331E /* LaunchScreen.storyboard in Resources */ = {isa = PBXBuildFile; fileRef = A9E04C691DE5586A004B331E /* LaunchScreen.storyboard */; };
		A9E04C761DE55D7E004B331E /* TagViewListCell.m in Sources */ = {isa = PBXBuildFile; fileRef = A9E04C751DE55D7E004B331E /* TagViewListCell.m */; };
/* End PBXBuildFile section */

/* Begin PBXFileReference section */
		A9E04C581DE55868004B331E /* TDTagListCollection.app */ = {isa = PBXFileReference; explicitFileType = wrapper.application; includeInIndex = 0; path = TDTagListCollection.app; sourceTree = BUILT_PRODUCTS_DIR; };
		A9E04C5C1DE55869004B331E /* main.m */ = {isa = PBXFileReference; lastKnownFileType = sourcecode.c.objc; path = main.m; sourceTree = "<group>"; };
		A9E04C5E1DE55869004B331E /* AppDelegate.h */ = {isa = PBXFileReference; lastKnownFileType = sourcecode.c.h; path = AppDelegate.h; sourceTree = "<group>"; };
		A9E04C5F1DE55869004B331E /* AppDelegate.m */ = {isa = PBXFileReference; lastKnownFileType = sourcecode.c.objc; path = AppDelegate.m; sourceTree = "<group>"; };
		A9E04C611DE55869004B331E /* ViewController.h */ = {isa = PBXFileReference; lastKnownFileType = sourcecode.c.h; path = ViewController.h; sourceTree = "<group>"; };
		A9E04C621DE55869004B331E /* ViewController.m */ = {isa = PBXFileReference; lastKnownFileType = sourcecode.c.objc; path = ViewController.m; sourceTree = "<group>"; };
		A9E04C651DE5586A004B331E /* Base */ = {isa = PBXFileReference; lastKnownFileType = file.storyboard; name = Base; path = Base.lproj/Main.storyboard; sourceTree = "<group>"; };
		A9E04C671DE5586A004B331E /* Assets.xcassets */ = {isa = PBXFileReference; lastKnownFileType = folder.assetcatalog; path = Assets.xcassets; sourceTree = "<group>"; };
		A9E04C6A1DE5586A004B331E /* Base */ = {isa = PBXFileReference; lastKnownFileType = file.storyboard; name = Base; path = Base.lproj/LaunchScreen.storyboard; sourceTree = "<group>"; };
		A9E04C6C1DE5586A004B331E /* Info.plist */ = {isa = PBXFileReference; lastKnownFileType = text.plist.xml; path = Info.plist; sourceTree = "<group>"; };
		A9E04C741DE55D7E004B331E /* TagViewListCell.h */ = {isa = PBXFileReference; fileEncoding = 4; lastKnownFileType = sourcecode.c.h; path = TagViewListCell.h; sourceTree = "<group>"; };
		A9E04C751DE55D7E004B331E /* TagViewListCell.m */ = {isa = PBXFileReference; fileEncoding = 4; lastKnownFileType = sourcecode.c.objc; path = TagViewListCell.m; sourceTree = "<group>"; };
/* End PBXFileReference section */

/* Begin PBXFrameworksBuildPhase section */
		A9E04C551DE55868004B331E /* Frameworks */ = {
			isa = PBXFrameworksBuildPhase;
			buildActionMask = 2147483647;
			files = (
			);
			runOnlyForDeploymentPostprocessing = 0;
		};
/* End PBXFrameworksBuildPhase section */

/* Begin PBXGroup section */
		A9E04C4F1DE55867004B331E = {
			isa = PBXGroup;
			children = (
				A9E04C5A1DE55868004B331E /* TDTagListCollection */,
				A9E04C591DE55868004B331E /* Products */,
			);
			sourceTree = "<group>";
		};
		A9E04C591DE55868004B331E /* Products */ = {
			isa = PBXGroup;
			children = (
				A9E04C581DE55868004B331E /* TDTagListCollection.app */,
			);
			name = Products;
			sourceTree = "<group>";
		};
		A9E04C5A1DE55868004B331E /* TDTagListCollection */ = {
			isa = PBXGroup;
			children = (
				A9E04C781DE55E91004B331E /* A.D. */,
				A9E04C771DE55E7B004B331E /* TagViewListCell */,
				A9E04C791DE55EA1004B331E /* VC */,
				A9E04C641DE5586A004B331E /* Main.storyboard */,
				A9E04C5B1DE55869004B331E /* Supporting Files */,
			);
			path = TDTagListCollection;
			sourceTree = "<group>";
		};
		A9E04C5B1DE55869004B331E /* Supporting Files */ = {
			isa = PBXGroup;
			children = (
				A9E04C671DE5586A004B331E /* Assets.xcassets */,
				A9E04C691DE5586A004B331E /* LaunchScreen.storyboard */,
				A9E04C6C1DE5586A004B331E /* Info.plist */,
				A9E04C5C1DE55869004B331E /* main.m */,
			);
			name = "Supporting Files";
			sourceTree = "<group>";
		};
		A9E04C771DE55E7B004B331E /* TagViewListCell */ = {
			isa = PBXGroup;
			children = (
				A9E04C741DE55D7E004B331E /* TagViewListCell.h */,
				A9E04C751DE55D7E004B331E /* TagViewListCell.m */,
			);
			name = TagViewListCell;
			sourceTree = "<group>";
		};
		A9E04C781DE55E91004B331E /* A.D. */ = {
			isa = PBXGroup;
			children = (
				A9E04C5E1DE55869004B331E /* AppDelegate.h */,
				A9E04C5F1DE55869004B331E /* AppDelegate.m */,
			);
			name = A.D.;
			sourceTree = "<group>";
		};
		A9E04C791DE55EA1004B331E /* VC */ = {
			isa = PBXGroup;
			children = (
				A9E04C611DE55869004B331E /* ViewController.h */,
				A9E04C621DE55869004B331E /* ViewController.m */,
			);
			name = VC;
			sourceTree = "<group>";
		};
/* End PBXGroup section */

/* Begin PBXNativeTarget section */
		A9E04C571DE55868004B331E /* TDTagListCollection */ = {
			isa = PBXNativeTarget;
			buildConfigurationList = A9E04C6F1DE5586A004B331E /* Build configuration list for PBXNativeTarget "TDTagListCollection" */;
			buildPhases = (
				A9E04C541DE55868004B331E /* Sources */,
				A9E04C551DE55868004B331E /* Frameworks */,
				A9E04C561DE55868004B331E /* Resources */,
			);
			buildRules = (
			);
			dependencies = (
			);
			name = TDTagListCollection;
			productName = TDTagListCollection;
			productReference = A9E04C581DE55868004B331E /* TDTagListCollection.app */;
			productType = "com.apple.product-type.application";
		};
/* End PBXNativeTarget section */

/* Begin PBXProject section */
		A9E04C501DE55868004B331E /* Project object */ = {
			isa = PBXProject;
			attributes = {
				LastUpgradeCheck = 0800;
				ORGANIZATIONNAME = indianic;
				TargetAttributes = {
					A9E04C571DE55868004B331E = {
						CreatedOnToolsVersion = 8.0;
						ProvisioningStyle = Automatic;
					};
				};
			};
			buildConfigurationList = A9E04C531DE55868004B331E /* Build configuration list for PBXProject "TDTagListCollection" */;
			compatibilityVersion = "Xcode 3.2";
			developmentRegion = English;
			hasScannedForEncodings = 0;
			knownRegions = (
				en,
				Base,
			);
			mainGroup = A9E04C4F1DE55867004B331E;
			productRefGroup = A9E04C591DE55868004B331E /* Products */;
			projectDirPath = "";
			projectRoot = "";
			targets = (
				A9E04C571DE55868004B331E /* TDTagListCollection */,
			);
		};
/* End PBXProject section */

/* Begin PBXResourcesBuildPhase section */
		A9E04C561DE55868004B331E /* Resources */ = {
			isa = PBXResourcesBuildPhase;
			buildActionMask = 2147483647;
			files = (
				A9E04C6B1DE5586A004B331E /* LaunchScreen.storyboard in Resources */,
				A9E04C681DE5586A004B331E /* Assets.xcassets in Resources */,
				A9E04C661DE5586A004B331E /* Main.storyboard in Resources */,
			);
			runOnlyForDeploymentPostprocessing = 0;
		};
/* End PBXResourcesBuildPhase section */

/* Begin PBXSourcesBuildPhase section */
		A9E04C541DE55868004B331E /* Sources */ = {
			isa = PBXSourcesBuildPhase;
			buildActionMask = 2147483647;
			files = (
				A9E04C631DE55869004B331E /* ViewController.m in Sources */,
				A9E04C601DE55869004B331E /* AppDelegate.m in Sources */,
				A9E04C5D1DE55869004B331E /* main.m in Sources */,
				A9E04C761DE55D7E004B331E /* TagViewListCell.m in Sources */,
			);
			runOnlyForDeploymentPostprocessing = 0;
		};
/* End PBXSourcesBuildPhase section */

/* Begin PBXVariantGroup section */
		A9E04C641DE5586A004B331E /* Main.storyboard */ = {
			isa = PBXVariantGroup;
			children = (
				A9E04C651DE5586A004B331E /* Base */,
			);
			name = Main.storyboard;
			sourceTree = "<group>";
		};
		A9E04C691DE5586A004B331E /* LaunchScreen.storyboard */ = {
			isa = PBXVariantGroup;
			children = (
				A9E04C6A1DE5586A004B331E /* Base */,
			);
			name = LaunchScreen.storyboard;
			sourceTree = "<group>";
		};
/* End PBXVariantGroup section */

/* Begin XCBuildConfiguration section */
		A9E04C6D1DE5586A004B331E /* Debug */ = {
			isa = XCBuildConfiguration;
			buildSettings = {
				ALWAYS_SEARCH_USER_PATHS = NO;
				CLANG_ANALYZER_NONNULL = YES;
				CLANG_CXX_LANGUAGE_STANDARD = "gnu++0x";
				CLANG_CXX_LIBRARY = "libc++";
				CLANG_ENABLE_MODULES = YES;
				CLANG_ENABLE_OBJC_ARC = YES;
				CLANG_WARN_BOOL_CONVERSION = YES;
				CLANG_WARN_CONSTANT_CONVERSION = YES;
				CLANG_WARN_DIRECT_OBJC_ISA_USAGE = YES_ERROR;
				CLANG_WARN_DOCUMENTATION_COMMENTS = YES;
				CLANG_WARN_EMPTY_BODY = YES;
				CLANG_WARN_ENUM_CONVERSION = YES;
				CLANG_WARN_INFINITE_RECURSION = YES;
				CLANG_WARN_INT_CONVERSION = YES;
				CLANG_WARN_OBJC_ROOT_CLASS = YES_ERROR;
				CLANG_WARN_SUSPICIOUS_MOVES = YES;
				CLANG_WARN_UNREACHABLE_CODE = YES;
				CLANG_WARN__DUPLICATE_METHOD_MATCH = YES;
				"CODE_SIGN_IDENTITY[sdk=iphoneos*]" = "iPhone Developer";
				COPY_PHASE_STRIP = NO;
				DEBUG_INFORMATION_FORMAT = dwarf;
				ENABLE_STRICT_OBJC_MSGSEND = YES;
				ENABLE_TESTABILITY = YES;
				GCC_C_LANGUAGE_STANDARD = gnu99;
				GCC_DYNAMIC_NO_PIC = NO;
				GCC_NO_COMMON_BLOCKS = YES;
				GCC_OPTIMIZATION_LEVEL = 0;
				GCC_PREPROCESSOR_DEFINITIONS = (
					"DEBUG=1",
					"$(inherited)",
				);
				GCC_WARN_64_TO_32_BIT_CONVERSION = YES;
				GCC_WARN_ABOUT_RETURN_TYPE = YES_ERROR;
				GCC_WARN_UNDECLARED_SELECTOR = YES;
				GCC_WARN_UNINITIALIZED_AUTOS = YES_AGGRESSIVE;
				GCC_WARN_UNUSED_FUNCTION = YES;
				GCC_WARN_UNUSED_VARIABLE = YES;
				IPHONEOS_DEPLOYMENT_TARGET = 10.0;
				MTL_ENABLE_DEBUG_INFO = YES;
				ONLY_ACTIVE_ARCH = YES;
				SDKROOT = iphoneos;
				TARGETED_DEVICE_FAMILY = "1,2";
			};
			name = Debug;
		};
		A9E04C6E1DE5586A004B331E /* Release */ = {
			isa = XCBuildConfiguration;
			buildSettings = {
				ALWAYS_SEARCH_USER_PATHS = NO;
				CLANG_ANALYZER_NONNULL = YES;
				CLANG_CXX_LANGUAGE_STANDARD = "gnu++0x";
				CLANG_CXX_LIBRARY = "libc++";
				CLANG_ENABLE_MODULES = YES;
				CLANG_ENABLE_OBJC_ARC = YES;
				CLANG_WARN_BOOL_CONVERSION = YES;
				CLANG_WARN_CONSTANT_CONVERSION = YES;
				CLANG_WARN_DIRECT_OBJC_ISA_USAGE = YES_ERROR;
				CLANG_WARN_DOCUMENTATION_COMMENTS = YES;
				CLANG_WARN_EMPTY_BODY = YES;
				CLANG_WARN_ENUM_CONVERSION = YES;
				CLANG_WARN_INFINITE_RECURSION = YES;
				CLANG_WARN_INT_CONVERSION = YES;
				CLANG_WARN_OBJC_ROOT_CLASS = YES_ERROR;
				CLANG_WARN_SUSPICIOUS_MOVES = YES;
				CLANG_WARN_UNREACHABLE_CODE = YES;
				CLANG_WARN__DUPLICATE_METHOD_MATCH = YES;
				"CODE_SIGN_IDENTITY[sdk=iphoneos*]" = "iPhone Developer";
				COPY_PHASE_STRIP = NO;
				DEBUG_INFORMATION_FORMAT = "dwarf-with-dsym";
				ENABLE_NS_ASSERTIONS = NO;
				ENABLE_STRICT_OBJC_MSGSEND = YES;
				GCC_C_LANGUAGE_STANDARD = gnu99;
				GCC_NO_COMMON_BLOCKS = YES;
				GCC_WARN_64_TO_32_BIT_CONVERSION = YES;
				GCC_WARN_ABOUT_RETURN_TYPE = YES_ERROR;
				GCC_WARN_UNDECLARED_SELECTOR = YES;
				GCC_WARN_UNINITIALIZED_AUTOS = YES_AGGRESSIVE;
				GCC_WARN_UNUSED_FUNCTION = YES;
				GCC_WARN_UNUSED_VARIABLE = YES;
				IPHONEOS_DEPLOYMENT_TARGET = 10.0;
				MTL_ENABLE_DEBUG_INFO = NO;
				SDKROOT = iphoneos;
				TARGETED_DEVICE_FAMILY = "1,2";
				VALIDATE_PRODUCT = YES;
			};
			name = Release;
		};
		A9E04C701DE5586A004B331E /* Debug */ = {
			isa = XCBuildConfiguration;
			buildSettings = {
				ASSETCATALOG_COMPILER_APPICON_NAME = AppIcon;
				INFOPLIST_FILE = TDTagListCollection/Info.plist;
				LD_RUNPATH_SEARCH_PATHS = "$(inherited) @executable_path/Frameworks";
				PRODUCT_BUNDLE_IDENTIFIER = com.thedahiyaboy.TDTagListCollection;
				PRODUCT_NAME = "$(TARGET_NAME)";
			};
			name = Debug;
		};
		A9E04C711DE5586A004B331E /* Release */ = {
			isa = XCBuildConfiguration;
			buildSettings = {
				ASSETCATALOG_COMPILER_APPICON_NAME = AppIcon;
				INFOPLIST_FILE = TDTagListCollection/Info.plist;
				LD_RUNPATH_SEARCH_PATHS = "$(inherited) @executable_path/Frameworks";
				PRODUCT_BUNDLE_IDENTIFIER = com.thedahiyaboy.TDTagListCollection;
				PRODUCT_NAME = "$(TARGET_NAME)";
			};
			name = Release;
		};
/* End XCBuildConfiguration section */

/* Begin XCConfigurationList section */
		A9E04C531DE55868004B331E /* Build configuration list for PBXProject "TDTagListCollection" */ = {
			isa = XCConfigurationList;
			buildConfigurations = (
				A9E04C6D1DE5586A004B331E /* Debug */,
				A9E04C6E1DE5586A004B331E /* Release */,
			);
			defaultConfigurationIsVisible = 0;
			defaultConfigurationName = Release;
		};
		A9E04C6F1DE5586A004B331E /* Build configuration list for PBXNativeTarget "TDTagListCollection" */ = {
			isa = XCConfigurationList;
			buildConfigurations = (
				A9E04C701DE5586A004B331E /* Debug */,
				A9E04C711DE5586A004B331E /* Release */,
			);
			defaultConfigurationIsVisible = 0;
			defaultConfigurationName = Release;
		};
/* End XCConfigurationList section */
	};
	rootObject = A9E04C501DE55868004B331E /* Project object */;
}
